
Microsoft Visual Studio Solution File, Format Version 12.00
# Visual Studio Version 17
VisualStudioVersion = 17.13.35931.197
MinimumVisualStudioVersion = 10.0.40219.1
Project("{FAE04EC0-301F-11D3-BF4B-00C04F79EFBC}") = "TPC-Equipo-A", "TPC-Equipo-A\TPC-Equipo-A.csproj", "{E2928F2D-B06C-4F18-B3D7-C0EEF7D28146}"
EndProject
Project("{FAE04EC0-301F-11D3-BF4B-00C04F79EFBC}") = "Datos", "AccesoDatos\Datos.csproj", "{775DFF98-BC5D-470F-ABBE-FA2C37CCC694}"
EndProject
Project("{FAE04EC0-301F-11D3-BF4B-00C04F79EFBC}") = "Dominio", "Dominio\Dominio.csproj", "{49434083-5DB4-4BFD-B68A-5125ED5B84F6}"
EndProject
Project("{FAE04EC0-301F-11D3-BF4B-00C04F79EFBC}") = "Negocio", "Negocio\Negocio.csproj", "{310A0F78-6C21-41C3-8EC7-EE5925DC165B}"
EndProject
Global
	GlobalSection(SolutionConfigurationPlatforms) = preSolution
		Debug|Any CPU = Debug|Any CPU
		Release|Any CPU = Release|Any CPU
	EndGlobalSection
	GlobalSection(ProjectConfigurationPlatforms) = postSolution
		{E2928F2D-B06C-4F18-B3D7-C0EEF7D28146}.Debug|Any CPU.ActiveCfg = Debug|Any CPU
		{E2928F2D-B06C-4F18-B3D7-C0EEF7D28146}.Debug|Any CPU.Build.0 = Debug|Any CPU
		{E2928F2D-B06C-4F18-B3D7-C0EEF7D28146}.Release|Any CPU.ActiveCfg = Release|Any CPU
		{E2928F2D-B06C-4F18-B3D7-C0EEF7D28146}.Release|Any CPU.Build.0 = Release|Any CPU
		{775DFF98-BC5D-470F-ABBE-FA2C37CCC694}.Debug|Any CPU.ActiveCfg = Debug|Any CPU
		{775DFF98-BC5D-470F-ABBE-FA2C37CCC694}.Debug|Any CPU.Build.0 = Debug|Any CPU
		{775DFF98-BC5D-470F-ABBE-FA2C37CCC694}.Release|Any CPU.ActiveCfg = Release|Any CPU
		{775DFF98-BC5D-470F-ABBE-FA2C37CCC694}.Release|Any CPU.Build.0 = Release|Any CPU
		{49434083-5DB4-4BFD-B68A-5125ED5B84F6}.Debug|Any CPU.ActiveCfg = Debug|Any CPU
		{49434083-5DB4-4BFD-B68A-5125ED5B84F6}.Debug|Any CPU.Build.0 = Debug|Any CPU
		{49434083-5DB4-4BFD-B68A-5125ED5B84F6}.Release|Any CPU.ActiveCfg = Release|Any CPU
		{49434083-5DB4-4BFD-B68A-5125ED5B84F6}.Release|Any CPU.Build.0 = Release|Any CPU
		{310A0F78-6C21-41C3-8EC7-EE5925DC165B}.Debug|Any CPU.ActiveCfg = Debug|Any CPU
		{310A0F78-6C21-41C3-8EC7-EE5925DC165B}.Debug|Any CPU.Build.0 = Debug|Any CPU
		{310A0F78-6C21-41C3-8EC7-EE5925DC165B}.Release|Any CPU.ActiveCfg = Release|Any CPU
		{310A0F78-6C21-41C3-8EC7-EE5925DC165B}.Release|Any CPU.Build.0 = Release|Any CPU
	EndGlobalSection
	GlobalSection(SolutionProperties) = preSolution
		HideSolutionNode = FALSE
	EndGlobalSection
	GlobalSection(ExtensibilityGlobals) = postSolution
		SolutionGuid = {FF4900F5-F4D9-497A-93D5-B153B7C80239}
	EndGlobalSection
EndGlobal
